{
  "name": "multiplewindow3dscene",
  "version": "1.0.0",
  "lockfileVersion": 3,
  "requires": true,
  "main": "main.js",
  "type": "module",
  "packages": {
    "": {
      "name": "multiplewindow3dscene",
      "version": "1.0.0",
      "license": "ISC"
    }
  },
  "scripts": {
    "start": "node main.js"
  }
}
